
Microsoft Visual Studio Solution File, Format Version 12.00
# Visual Studio Version 16
VisualStudioVersion = 16.0.30002.166
MinimumVisualStudioVersion = 10.0.40219.1
Project("{FAE04EC0-301F-11D3-BF4B-00C04F79EFBC}") = "chinesezodiac", "chinesezodiac\chinesezodiac.csproj", "{89E14750-C209-4EB5-BE5A-70F058E8FD2A}"
EndProject
Global
	GlobalSection(SolutionConfigurationPlatforms) = preSolution
		Debug|Any CPU = Debug|Any CPU
		Release|Any CPU = Release|Any CPU
	EndGlobalSection
	GlobalSection(ProjectConfigurationPlatforms) = postSolution
		{89E14750-C209-4EB5-BE5A-70F058E8FD2A}.Debug|Any CPU.ActiveCfg = Debug|Any CPU
		{89E14750-C209-4EB5-BE5A-70F058E8FD2A}.Debug|Any CPU.Build.0 = Debug|Any CPU
		{89E14750-C209-4EB5-BE5A-70F058E8FD2A}.Release|Any CPU.ActiveCfg = Release|Any CPU
		{89E14750-C209-4EB5-BE5A-70F058E8FD2A}.Release|Any CPU.Build.0 = Release|Any CPU
	EndGlobalSection
	GlobalSection(SolutionProperties) = preSolution
		HideSolutionNode = FALSE
	EndGlobalSection
	GlobalSection(ExtensibilityGlobals) = postSolution
		SolutionGuid = {D4C64C6F-FF83-4C20-9F66-8F79E53488BF}
	EndGlobalSection
EndGlobal
